
Microsoft Visual Studio Solution File, Format Version 12.00
# Visual Studio Version 17
VisualStudioVersion = 17.2.32602.215
MinimumVisualStudioVersion = 10.0.40219.1
Project("{FAE04EC0-301F-11D3-BF4B-00C04F79EFBC}") = "SET", "SET\SET.csproj", "{2ED20C02-3E90-499D-B957-2B66B535FE37}"
EndProject
Project("{9A19103F-16F7-4668-BE54-9A1E7A4F7556}") = "Core", "Core\Core.csproj", "{CC38D665-8452-4DF4-B3E1-E88E2DBFA16C}"
EndProject
Project("{9A19103F-16F7-4668-BE54-9A1E7A4F7556}") = "Services", "Services\Services.csproj", "{EAC387C5-4D76-49A2-8ADA-4A1792A607E8}"
EndProject
Global
	GlobalSection(SolutionConfigurationPlatforms) = preSolution
		Debug|Any CPU = Debug|Any CPU
		Release|Any CPU = Release|Any CPU
	EndGlobalSection
	GlobalSection(ProjectConfigurationPlatforms) = postSolution
		{2ED20C02-3E90-499D-B957-2B66B535FE37}.Debug|Any CPU.ActiveCfg = Debug|Any CPU
		{2ED20C02-3E90-499D-B957-2B66B535FE37}.Debug|Any CPU.Build.0 = Debug|Any CPU
		{2ED20C02-3E90-499D-B957-2B66B535FE37}.Release|Any CPU.ActiveCfg = Release|Any CPU
		{2ED20C02-3E90-499D-B957-2B66B535FE37}.Release|Any CPU.Build.0 = Release|Any CPU
		{CC38D665-8452-4DF4-B3E1-E88E2DBFA16C}.Debug|Any CPU.ActiveCfg = Debug|Any CPU
		{CC38D665-8452-4DF4-B3E1-E88E2DBFA16C}.Debug|Any CPU.Build.0 = Debug|Any CPU
		{CC38D665-8452-4DF4-B3E1-E88E2DBFA16C}.Release|Any CPU.ActiveCfg = Release|Any CPU
		{CC38D665-8452-4DF4-B3E1-E88E2DBFA16C}.Release|Any CPU.Build.0 = Release|Any CPU
		{EAC387C5-4D76-49A2-8ADA-4A1792A607E8}.Debug|Any CPU.ActiveCfg = Debug|Any CPU
		{EAC387C5-4D76-49A2-8ADA-4A1792A607E8}.Debug|Any CPU.Build.0 = Debug|Any CPU
		{EAC387C5-4D76-49A2-8ADA-4A1792A607E8}.Release|Any CPU.ActiveCfg = Release|Any CPU
		{EAC387C5-4D76-49A2-8ADA-4A1792A607E8}.Release|Any CPU.Build.0 = Release|Any CPU
	EndGlobalSection
	GlobalSection(SolutionProperties) = preSolution
		HideSolutionNode = FALSE
	EndGlobalSection
	GlobalSection(ExtensibilityGlobals) = postSolution
		SolutionGuid = {5EE834C0-A0A7-426E-AAF2-2818C846BA4D}
	EndGlobalSection
EndGlobal
